
Microsoft Visual Studio Solution File, Format Version 12.00
# Visual Studio 14
VisualStudioVersion = 14.0.24720.0
MinimumVisualStudioVersion = 10.0.40219.1
Project("{FAE04EC0-301F-11D3-BF4B-00C04F79EFBC}") = "UI-MVC", "BeatBuddy\UI-MVC.csproj", "{4D3245E3-400D-44F6-8704-8A057C03BD68}"
EndProject
Project("{FAE04EC0-301F-11D3-BF4B-00C04F79EFBC}") = "UI-MVC.Tests", "BeatBuddy.Tests\UI-MVC.Tests.csproj", "{EC902806-89CD-4719-9198-23C2C3EAAFB0}"
EndProject
Global
	GlobalSection(SolutionConfigurationPlatforms) = preSolution
		Debug|Any CPU = Debug|Any CPU
		Release|Any CPU = Release|Any CPU
	EndGlobalSection
	GlobalSection(ProjectConfigurationPlatforms) = postSolution
		{4D3245E3-400D-44F6-8704-8A057C03BD68}.Debug|Any CPU.ActiveCfg = Debug|Any CPU
		{4D3245E3-400D-44F6-8704-8A057C03BD68}.Debug|Any CPU.Build.0 = Debug|Any CPU
		{4D3245E3-400D-44F6-8704-8A057C03BD68}.Release|Any CPU.ActiveCfg = Release|Any CPU
		{4D3245E3-400D-44F6-8704-8A057C03BD68}.Release|Any CPU.Build.0 = Release|Any CPU
		{EC902806-89CD-4719-9198-23C2C3EAAFB0}.Debug|Any CPU.ActiveCfg = Debug|Any CPU
		{EC902806-89CD-4719-9198-23C2C3EAAFB0}.Debug|Any CPU.Build.0 = Debug|Any CPU
		{EC902806-89CD-4719-9198-23C2C3EAAFB0}.Release|Any CPU.ActiveCfg = Release|Any CPU
		{EC902806-89CD-4719-9198-23C2C3EAAFB0}.Release|Any CPU.Build.0 = Release|Any CPU
	EndGlobalSection
	GlobalSection(SolutionProperties) = preSolution
		HideSolutionNode = FALSE
	EndGlobalSection
EndGlobal
